
Microsoft Visual Studio Solution File, Format Version 12.00
# Visual Studio 14
VisualStudioVersion = 14.0.25123.0
MinimumVisualStudioVersion = 10.0.40219.1
Project("{FAE04EC0-301F-11D3-BF4B-00C04F79EFBC}") = "NSuperTest", "NSuperTest\NSuperTest.csproj", "{95068432-F12C-46B3-9B95-D851B721C179}"
EndProject
Project("{2150E333-8FDC-42A3-9474-1A3956D46DE8}") = "Tests", "Tests", "{F0E49EBB-DC39-4390-9CA8-C95CF847CD9D}"
EndProject
Project("{FAE04EC0-301F-11D3-BF4B-00C04F79EFBC}") = "NSuperTest.Tests", "NSuperTest.Tests\NSuperTest.Tests.csproj", "{F097DF59-7059-4F6C-8757-26D31E5BEA6D}"
EndProject
Global
	GlobalSection(SolutionConfigurationPlatforms) = preSolution
		Build|Any CPU = Build|Any CPU
		Debug|Any CPU = Debug|Any CPU
		Release|Any CPU = Release|Any CPU
	EndGlobalSection
	GlobalSection(ProjectConfigurationPlatforms) = postSolution
		{95068432-F12C-46B3-9B95-D851B721C179}.Build|Any CPU.ActiveCfg = Build|Any CPU
		{95068432-F12C-46B3-9B95-D851B721C179}.Build|Any CPU.Build.0 = Build|Any CPU
		{95068432-F12C-46B3-9B95-D851B721C179}.Debug|Any CPU.ActiveCfg = Debug|Any CPU
		{95068432-F12C-46B3-9B95-D851B721C179}.Debug|Any CPU.Build.0 = Debug|Any CPU
		{95068432-F12C-46B3-9B95-D851B721C179}.Release|Any CPU.ActiveCfg = Release|Any CPU
		{95068432-F12C-46B3-9B95-D851B721C179}.Release|Any CPU.Build.0 = Release|Any CPU
		{F097DF59-7059-4F6C-8757-26D31E5BEA6D}.Build|Any CPU.ActiveCfg = Release|Any CPU
		{F097DF59-7059-4F6C-8757-26D31E5BEA6D}.Build|Any CPU.Build.0 = Release|Any CPU
		{F097DF59-7059-4F6C-8757-26D31E5BEA6D}.Debug|Any CPU.ActiveCfg = Debug|Any CPU
		{F097DF59-7059-4F6C-8757-26D31E5BEA6D}.Debug|Any CPU.Build.0 = Debug|Any CPU
		{F097DF59-7059-4F6C-8757-26D31E5BEA6D}.Release|Any CPU.ActiveCfg = Release|Any CPU
		{F097DF59-7059-4F6C-8757-26D31E5BEA6D}.Release|Any CPU.Build.0 = Release|Any CPU
	EndGlobalSection
	GlobalSection(SolutionProperties) = preSolution
		HideSolutionNode = FALSE
	EndGlobalSection
	GlobalSection(NestedProjects) = preSolution
		{F097DF59-7059-4F6C-8757-26D31E5BEA6D} = {F0E49EBB-DC39-4390-9CA8-C95CF847CD9D}
	EndGlobalSection
EndGlobal
