
Microsoft Visual Studio Solution File, Format Version 12.00
# Visual Studio 15
VisualStudioVersion = 15.0.26124.0
MinimumVisualStudioVersion = 15.0.26124.0
Project("{FAE04EC0-301F-11D3-BF4B-00C04F79EFBC}") = "NSuperTest", "NSuperTest\NSuperTest.csproj", "{3E5E4AD4-AC3B-4194-9B88-AAAD7741AD9A}"
EndProject
Project("{FAE04EC0-301F-11D3-BF4B-00C04F79EFBC}") = "NSuperTest.Tests", "NSuperTest.Tests\NSuperTest.Tests.csproj", "{01ABE4E3-1583-4817-B4EA-8226C8639EB5}"
EndProject
Project("{2150E333-8FDC-42A3-9474-1A3956D46DE8}") = "TestWebApi", "TestWebApi", "{DB0DA045-AAF9-45C1-9C3A-EA80066B3F83}"
EndProject
Project("{FAE04EC0-301F-11D3-BF4B-00C04F79EFBC}") = "TestApi", "TestWebApi\TestApi\TestApi.csproj", "{FCD56860-08BC-4CB3-BB50-4619E1C30937}"
EndProject
Project("{FAE04EC0-301F-11D3-BF4B-00C04F79EFBC}") = "TestApi.Tests", "TestWebApi\TestApi.Tests\TestApi.Tests.csproj", "{3A6A3C36-B736-4588-918D-A8821B7B5E5E}"
EndProject
Global
	GlobalSection(SolutionConfigurationPlatforms) = preSolution
		Debug|Any CPU = Debug|Any CPU
		Debug|x64 = Debug|x64
		Debug|x86 = Debug|x86
		Release|Any CPU = Release|Any CPU
		Release|x64 = Release|x64
		Release|x86 = Release|x86
	EndGlobalSection
	GlobalSection(SolutionProperties) = preSolution
		HideSolutionNode = FALSE
	EndGlobalSection
	GlobalSection(ProjectConfigurationPlatforms) = postSolution
		{3E5E4AD4-AC3B-4194-9B88-AAAD7741AD9A}.Debug|Any CPU.ActiveCfg = Debug|Any CPU
		{3E5E4AD4-AC3B-4194-9B88-AAAD7741AD9A}.Debug|Any CPU.Build.0 = Debug|Any CPU
		{3E5E4AD4-AC3B-4194-9B88-AAAD7741AD9A}.Debug|x64.ActiveCfg = Debug|Any CPU
		{3E5E4AD4-AC3B-4194-9B88-AAAD7741AD9A}.Debug|x64.Build.0 = Debug|Any CPU
		{3E5E4AD4-AC3B-4194-9B88-AAAD7741AD9A}.Debug|x86.ActiveCfg = Debug|Any CPU
		{3E5E4AD4-AC3B-4194-9B88-AAAD7741AD9A}.Debug|x86.Build.0 = Debug|Any CPU
		{3E5E4AD4-AC3B-4194-9B88-AAAD7741AD9A}.Release|Any CPU.ActiveCfg = Release|Any CPU
		{3E5E4AD4-AC3B-4194-9B88-AAAD7741AD9A}.Release|Any CPU.Build.0 = Release|Any CPU
		{3E5E4AD4-AC3B-4194-9B88-AAAD7741AD9A}.Release|x64.ActiveCfg = Release|Any CPU
		{3E5E4AD4-AC3B-4194-9B88-AAAD7741AD9A}.Release|x64.Build.0 = Release|Any CPU
		{3E5E4AD4-AC3B-4194-9B88-AAAD7741AD9A}.Release|x86.ActiveCfg = Release|Any CPU
		{3E5E4AD4-AC3B-4194-9B88-AAAD7741AD9A}.Release|x86.Build.0 = Release|Any CPU
		{01ABE4E3-1583-4817-B4EA-8226C8639EB5}.Debug|Any CPU.ActiveCfg = Debug|Any CPU
		{01ABE4E3-1583-4817-B4EA-8226C8639EB5}.Debug|Any CPU.Build.0 = Debug|Any CPU
		{01ABE4E3-1583-4817-B4EA-8226C8639EB5}.Debug|x64.ActiveCfg = Debug|Any CPU
		{01ABE4E3-1583-4817-B4EA-8226C8639EB5}.Debug|x64.Build.0 = Debug|Any CPU
		{01ABE4E3-1583-4817-B4EA-8226C8639EB5}.Debug|x86.ActiveCfg = Debug|Any CPU
		{01ABE4E3-1583-4817-B4EA-8226C8639EB5}.Debug|x86.Build.0 = Debug|Any CPU
		{01ABE4E3-1583-4817-B4EA-8226C8639EB5}.Release|Any CPU.ActiveCfg = Release|Any CPU
		{01ABE4E3-1583-4817-B4EA-8226C8639EB5}.Release|Any CPU.Build.0 = Release|Any CPU
		{01ABE4E3-1583-4817-B4EA-8226C8639EB5}.Release|x64.ActiveCfg = Release|Any CPU
		{01ABE4E3-1583-4817-B4EA-8226C8639EB5}.Release|x64.Build.0 = Release|Any CPU
		{01ABE4E3-1583-4817-B4EA-8226C8639EB5}.Release|x86.ActiveCfg = Release|Any CPU
		{01ABE4E3-1583-4817-B4EA-8226C8639EB5}.Release|x86.Build.0 = Release|Any CPU
		{FCD56860-08BC-4CB3-BB50-4619E1C30937}.Debug|Any CPU.ActiveCfg = Debug|Any CPU
		{FCD56860-08BC-4CB3-BB50-4619E1C30937}.Debug|Any CPU.Build.0 = Debug|Any CPU
		{FCD56860-08BC-4CB3-BB50-4619E1C30937}.Debug|x64.ActiveCfg = Debug|Any CPU
		{FCD56860-08BC-4CB3-BB50-4619E1C30937}.Debug|x64.Build.0 = Debug|Any CPU
		{FCD56860-08BC-4CB3-BB50-4619E1C30937}.Debug|x86.ActiveCfg = Debug|Any CPU
		{FCD56860-08BC-4CB3-BB50-4619E1C30937}.Debug|x86.Build.0 = Debug|Any CPU
		{FCD56860-08BC-4CB3-BB50-4619E1C30937}.Release|Any CPU.ActiveCfg = Release|Any CPU
		{FCD56860-08BC-4CB3-BB50-4619E1C30937}.Release|Any CPU.Build.0 = Release|Any CPU
		{FCD56860-08BC-4CB3-BB50-4619E1C30937}.Release|x64.ActiveCfg = Release|Any CPU
		{FCD56860-08BC-4CB3-BB50-4619E1C30937}.Release|x64.Build.0 = Release|Any CPU
		{FCD56860-08BC-4CB3-BB50-4619E1C30937}.Release|x86.ActiveCfg = Release|Any CPU
		{FCD56860-08BC-4CB3-BB50-4619E1C30937}.Release|x86.Build.0 = Release|Any CPU
		{3A6A3C36-B736-4588-918D-A8821B7B5E5E}.Debug|Any CPU.ActiveCfg = Debug|Any CPU
		{3A6A3C36-B736-4588-918D-A8821B7B5E5E}.Debug|Any CPU.Build.0 = Debug|Any CPU
		{3A6A3C36-B736-4588-918D-A8821B7B5E5E}.Debug|x64.ActiveCfg = Debug|Any CPU
		{3A6A3C36-B736-4588-918D-A8821B7B5E5E}.Debug|x64.Build.0 = Debug|Any CPU
		{3A6A3C36-B736-4588-918D-A8821B7B5E5E}.Debug|x86.ActiveCfg = Debug|Any CPU
		{3A6A3C36-B736-4588-918D-A8821B7B5E5E}.Debug|x86.Build.0 = Debug|Any CPU
		{3A6A3C36-B736-4588-918D-A8821B7B5E5E}.Release|Any CPU.ActiveCfg = Release|Any CPU
		{3A6A3C36-B736-4588-918D-A8821B7B5E5E}.Release|Any CPU.Build.0 = Release|Any CPU
		{3A6A3C36-B736-4588-918D-A8821B7B5E5E}.Release|x64.ActiveCfg = Release|Any CPU
		{3A6A3C36-B736-4588-918D-A8821B7B5E5E}.Release|x64.Build.0 = Release|Any CPU
		{3A6A3C36-B736-4588-918D-A8821B7B5E5E}.Release|x86.ActiveCfg = Release|Any CPU
		{3A6A3C36-B736-4588-918D-A8821B7B5E5E}.Release|x86.Build.0 = Release|Any CPU
	EndGlobalSection
	GlobalSection(NestedProjects) = preSolution
		{FCD56860-08BC-4CB3-BB50-4619E1C30937} = {DB0DA045-AAF9-45C1-9C3A-EA80066B3F83}
		{3A6A3C36-B736-4588-918D-A8821B7B5E5E} = {DB0DA045-AAF9-45C1-9C3A-EA80066B3F83}
	EndGlobalSection
EndGlobal
